
Microsoft Visual Studio Solution File, Format Version 12.00
# Visual Studio 15
Project("{FAE04EC0-301F-11D3-BF4B-00C04F79EFBC}") = "Lab11_FBX Model + Character Controller", "Lab11_FBX Model + Character Controller.csproj", "{0BBBD6E9-D736-1E22-55D4-BC0AD8795FE3}"
EndProject
Global
	GlobalSection(SolutionConfigurationPlatforms) = preSolution
		Debug|Any CPU = Debug|Any CPU
		Release|Any CPU = Release|Any CPU
	EndGlobalSection
	GlobalSection(ProjectConfigurationPlatforms) = postSolution
		{0BBBD6E9-D736-1E22-55D4-BC0AD8795FE3}.Debug|Any CPU.ActiveCfg = Debug|Any CPU
		{0BBBD6E9-D736-1E22-55D4-BC0AD8795FE3}.Debug|Any CPU.Build.0 = Debug|Any CPU
		{0BBBD6E9-D736-1E22-55D4-BC0AD8795FE3}.Release|Any CPU.ActiveCfg = Release|Any CPU
		{0BBBD6E9-D736-1E22-55D4-BC0AD8795FE3}.Release|Any CPU.Build.0 = Release|Any CPU
	EndGlobalSection
	GlobalSection(SolutionProperties) = preSolution
		HideSolutionNode = FALSE
	EndGlobalSection
EndGlobal
